{
  "projects": [
    {
      "projectId": "7nJ7UcFmq9UzB6eXfC5z4a",
      "version": "0.21.0",
      "dependencies": {},
      "lang": "ts",
      "fileLocks": [
        {
          "assetId": "7nJ7UcFmq9UzB6eXfC5z4a",
          "type": "projectCss",
          "checksum": "05587b57f22f0ec8bb54543deb39762e"
        }
      ],
      "codegenVersion": "0.0.1"
    },
    {
      "projectId": "626ggfSgCYVT2YHifhdAKj",
      "version": "latest",
      "dependencies": {
        "7nJ7UcFmq9UzB6eXfC5z4a": "0.26.0"
      },
      "lang": "ts",
      "fileLocks": [
        {
          "type": "globalVariant",
          "assetId": "vUZX0aI3uQDj",
          "checksum": "557368c2ec7c80dcaa6ce5a5cbe5cfb0"
        },
        {
          "type": "renderModule",
          "assetId": "KgfyBnMsIRuw",
          "checksum": "9c068b3f9d341cfff003dc6c333e09e8"
        },
        {
          "type": "cssRules",
          "assetId": "KgfyBnMsIRuw",
          "checksum": "9c068b3f9d341cfff003dc6c333e09e8"
        },
        {
          "type": "renderModule",
          "assetId": "O1n4fOqLki7Y",
          "checksum": "caa6c0b015bac2b42dd2c5488c3ccbee"
        },
        {
          "type": "cssRules",
          "assetId": "O1n4fOqLki7Y",
          "checksum": "caa6c0b015bac2b42dd2c5488c3ccbee"
        },
        {
          "type": "renderModule",
          "assetId": "B5OJ7qr5HdQi",
          "checksum": "c11fb4311cef16b02a5fd4e391e40635"
        },
        {
          "type": "cssRules",
          "assetId": "B5OJ7qr5HdQi",
          "checksum": "c11fb4311cef16b02a5fd4e391e40635"
        },
        {
          "type": "renderModule",
          "assetId": "N8GF-mSkeZPv",
          "checksum": "f70394d9289a53bed854eda12eee4247"
        },
        {
          "type": "cssRules",
          "assetId": "N8GF-mSkeZPv",
          "checksum": "f70394d9289a53bed854eda12eee4247"
        },
        {
          "type": "renderModule",
          "assetId": "yEDPmqyaopQM",
          "checksum": "88de31236fb1cf0bb666459610405858"
        },
        {
          "type": "cssRules",
          "assetId": "yEDPmqyaopQM",
          "checksum": "88de31236fb1cf0bb666459610405858"
        },
        {
          "type": "renderModule",
          "assetId": "k3jrNqyKj3c3",
          "checksum": "9b416ab4431f469f142fc432aaf0293e"
        },
        {
          "type": "cssRules",
          "assetId": "k3jrNqyKj3c3",
          "checksum": "9b416ab4431f469f142fc432aaf0293e"
        },
        {
          "type": "renderModule",
          "assetId": "4EGTL2LaH0JZ",
          "checksum": "8ffe267a2ca7800af174af7031e2887a"
        },
        {
          "type": "cssRules",
          "assetId": "4EGTL2LaH0JZ",
          "checksum": "8ffe267a2ca7800af174af7031e2887a"
        },
        {
          "type": "renderModule",
          "assetId": "v8Rg1-JLcN4O",
          "checksum": "a6103710fcc0ecac78c3319f9b61c4a6"
        },
        {
          "type": "cssRules",
          "assetId": "v8Rg1-JLcN4O",
          "checksum": "a6103710fcc0ecac78c3319f9b61c4a6"
        },
        {
          "type": "renderModule",
          "assetId": "9yuUnr0b4iU7",
          "checksum": "20e89428c44e500bece608c38002b448"
        },
        {
          "type": "cssRules",
          "assetId": "9yuUnr0b4iU7",
          "checksum": "20e89428c44e500bece608c38002b448"
        },
        {
          "type": "renderModule",
          "assetId": "Zv0E8bU47CEO",
          "checksum": "1b72d163bf111d8758ba16cbcadb4182"
        },
        {
          "type": "cssRules",
          "assetId": "Zv0E8bU47CEO",
          "checksum": "1b72d163bf111d8758ba16cbcadb4182"
        },
        {
          "type": "renderModule",
          "assetId": "cl1GdMVQa0_D",
          "checksum": "9b12d07c152e3ae6b30e6231bf9eb9d9"
        },
        {
          "type": "cssRules",
          "assetId": "cl1GdMVQa0_D",
          "checksum": "9b12d07c152e3ae6b30e6231bf9eb9d9"
        },
        {
          "type": "renderModule",
          "assetId": "MCBfMxuZAl5Y",
          "checksum": "a8e2382f387eb84f115d522c929d6875"
        },
        {
          "type": "cssRules",
          "assetId": "MCBfMxuZAl5Y",
          "checksum": "a8e2382f387eb84f115d522c929d6875"
        },
        {
          "type": "renderModule",
          "assetId": "ZEYretqYQjEc",
          "checksum": "a0c17ba41dc530ce3dc5acf264771bc2"
        },
        {
          "type": "cssRules",
          "assetId": "ZEYretqYQjEc",
          "checksum": "a0c17ba41dc530ce3dc5acf264771bc2"
        },
        {
          "type": "renderModule",
          "assetId": "2MBJj-Uqu-FN",
          "checksum": "1ad7ed87666a6ee83a1b6a6e6a34d43d"
        },
        {
          "type": "cssRules",
          "assetId": "2MBJj-Uqu-FN",
          "checksum": "1ad7ed87666a6ee83a1b6a6e6a34d43d"
        },
        {
          "type": "icon",
          "assetId": "8Ohe9_jUnbeW",
          "checksum": "ffda2025b91d86819e61ebd627507ca1"
        },
        {
          "type": "icon",
          "assetId": "ZxojYksPfqIt",
          "checksum": "89e3359205d37d669bf5e5d4b1c3a76e"
        },
        {
          "type": "icon",
          "assetId": "6CZv23xYBIa3",
          "checksum": "fc9a31e173a5e3a8803170061f4d04ec"
        },
        {
          "type": "icon",
          "assetId": "E2IyFdJSVNPC",
          "checksum": "df7f7d13dd1d911e3b186bedd1913148"
        },
        {
          "type": "icon",
          "assetId": "O_Y7djlUX5EE",
          "checksum": "7769dba530296d4b1c95c1cdb8dd9a98"
        },
        {
          "type": "icon",
          "assetId": "m28aarTDGjCL",
          "checksum": "4ac075fb144cbb95800e43939e4dc1e2"
        },
        {
          "type": "icon",
          "assetId": "VL4wHCX4TafM",
          "checksum": "c676978a7f7096c3e844616e76d9d65c"
        },
        {
          "type": "icon",
          "assetId": "WiphMFqn7p4X",
          "checksum": "5b7c61b228b724b2aec5e99133ba7d83"
        },
        {
          "type": "icon",
          "assetId": "AJxh36Hp6RKd",
          "checksum": "8a4f5fd22af90796a3fac32794a85652"
        },
        {
          "type": "icon",
          "assetId": "fH9X6LjbKz9Z",
          "checksum": "e64a2666208e93638c6a290a73ba9008"
        },
        {
          "type": "icon",
          "assetId": "22KJtUBPI_3X",
          "checksum": "0c6632f9a7add263ffd6595fad76b5dd"
        },
        {
          "type": "icon",
          "assetId": "9w4Jg3-ETiw4",
          "checksum": "02d17ba29e2bcc271f02a245741d95d4"
        },
        {
          "type": "icon",
          "assetId": "PkgiQ06t6T3P",
          "checksum": "66629f5cc6a35fb3127e68077df750ef"
        },
        {
          "type": "icon",
          "assetId": "LMp0JIORsKXg",
          "checksum": "c1f03da4c56dbd2d7fdc001d31f21d7a"
        },
        {
          "type": "image",
          "assetId": "Oq9ps1BsMssj",
          "checksum": "3cc7174134f54478da94e16cc28ec1c4"
        },
        {
          "type": "image",
          "assetId": "AhGev0-odk4S",
          "checksum": "d61603eda56dd7cb2188c6414247aaba"
        },
        {
          "type": "image",
          "assetId": "Cfoh8P2hDaBn",
          "checksum": "ba4076f0f153060ebf3bc2e089110b2a"
        },
        {
          "type": "image",
          "assetId": "vulxLMC28M7c",
          "checksum": "5c35edae9e9d5d187847c00742338ea8"
        },
        {
          "type": "image",
          "assetId": "mREtHXxIzgCc",
          "checksum": "d4347b7e8ba5522a5dbfce16a94dec73"
        },
        {
          "type": "image",
          "assetId": "6hIcsDP3ccVb",
          "checksum": "902b27fcb940a9ddf30dd6c6ad32df17"
        },
        {
          "assetId": "626ggfSgCYVT2YHifhdAKj",
          "type": "projectCss",
          "checksum": "06c55419a8020773b30cd181205ce8ea"
        }
      ],
      "codegenVersion": "0.0.1"
    }
  ],
  "cliVersion": "0.1.308"
}
